# This file was autogenerated by Stack.
# You should not edit this file by hand.
# For more information, please see the documentation at:
#   https://docs.haskellstack.org/en/stable/lock_files

packages: []
snapshots:
- completed:
    size: 284503
    url: https://raw.githubusercontent.com/commercialhaskell/stackage-snapshots/master/lts/3/5.yaml
    sha256: f14b063d648b07cc76ebaefd8cc924da550f490fedf6c9b1f15f3109bf7577c1
  original: lts-3.5
